
Microsoft Visual Studio Solution File, Format Version 12.00
# Visual Studio 15
VisualStudioVersion = 15.0.28010.2046
MinimumVisualStudioVersion = 10.0.40219.1
Project("{FAE04EC0-301F-11D3-BF4B-00C04F79EFBC}") = "GldSrcBSPInspector.ConsoleApp", "GldSrcBSPInspector.ConsoleApp\GldSrcBSPInspector.ConsoleApp.csproj", "{515FD0B9-ACD9-4D48-8A36-58BB0F4177EA}"
EndProject
Global
	GlobalSection(SolutionConfigurationPlatforms) = preSolution
		Debug|Any CPU = Debug|Any CPU
		Release|Any CPU = Release|Any CPU
	EndGlobalSection
	GlobalSection(ProjectConfigurationPlatforms) = postSolution
		{515FD0B9-ACD9-4D48-8A36-58BB0F4177EA}.Debug|Any CPU.ActiveCfg = Debug|Any CPU
		{515FD0B9-ACD9-4D48-8A36-58BB0F4177EA}.Debug|Any CPU.Build.0 = Debug|Any CPU
		{515FD0B9-ACD9-4D48-8A36-58BB0F4177EA}.Release|Any CPU.ActiveCfg = Release|Any CPU
		{515FD0B9-ACD9-4D48-8A36-58BB0F4177EA}.Release|Any CPU.Build.0 = Release|Any CPU
	EndGlobalSection
	GlobalSection(SolutionProperties) = preSolution
		HideSolutionNode = FALSE
	EndGlobalSection
	GlobalSection(ExtensibilityGlobals) = postSolution
		SolutionGuid = {54247F4A-0C17-44A2-B04F-3C7F919A4A8C}
	EndGlobalSection
EndGlobal
